
Microsoft Visual Studio Solution File, Format Version 12.00
# Visual Studio Version 17
VisualStudioVersion = 17.12.35514.174
MinimumVisualStudioVersion = 10.0.40219.1
Project("{FAE04EC0-301F-11D3-BF4B-00C04F79EFBC}") = "OkoloIt.QuartysXuyartys.KeyGen", "src\OkoloIt.QuartysXuyartys.KeyGen\OkoloIt.QuartysXuyartys.KeyGen.csproj", "{45F1AE29-C209-4429-8773-0B6F81AB5C6E}"
EndProject
Project("{8BC9CEB8-8B4A-11D0-8D11-00A0C91BC942}") = "OkoloIt.QuartysXuyartys.FastKeyGen", "src\OkoloIt.QuartysXuyartys.FastKeyGen\OkoloIt.QuartysXuyartys.FastKeyGen.vcxproj", "{A05AEA93-ECBD-4F74-AF9B-CD051078CAAF}"
EndProject
Global
	GlobalSection(SolutionConfigurationPlatforms) = preSolution
		Debug|Any CPU = Debug|Any CPU
		Debug|x64 = Debug|x64
		Debug|x86 = Debug|x86
		Release|Any CPU = Release|Any CPU
		Release|x64 = Release|x64
		Release|x86 = Release|x86
	EndGlobalSection
	GlobalSection(ProjectConfigurationPlatforms) = postSolution
		{45F1AE29-C209-4429-8773-0B6F81AB5C6E}.Debug|Any CPU.ActiveCfg = Debug|Any CPU
		{45F1AE29-C209-4429-8773-0B6F81AB5C6E}.Debug|Any CPU.Build.0 = Debug|Any CPU
		{45F1AE29-C209-4429-8773-0B6F81AB5C6E}.Debug|x64.ActiveCfg = Debug|Any CPU
		{45F1AE29-C209-4429-8773-0B6F81AB5C6E}.Debug|x64.Build.0 = Debug|Any CPU
		{45F1AE29-C209-4429-8773-0B6F81AB5C6E}.Debug|x86.ActiveCfg = Debug|Any CPU
		{45F1AE29-C209-4429-8773-0B6F81AB5C6E}.Debug|x86.Build.0 = Debug|Any CPU
		{45F1AE29-C209-4429-8773-0B6F81AB5C6E}.Release|Any CPU.ActiveCfg = Release|Any CPU
		{45F1AE29-C209-4429-8773-0B6F81AB5C6E}.Release|Any CPU.Build.0 = Release|Any CPU
		{45F1AE29-C209-4429-8773-0B6F81AB5C6E}.Release|x64.ActiveCfg = Release|Any CPU
		{45F1AE29-C209-4429-8773-0B6F81AB5C6E}.Release|x64.Build.0 = Release|Any CPU
		{45F1AE29-C209-4429-8773-0B6F81AB5C6E}.Release|x86.ActiveCfg = Release|Any CPU
		{45F1AE29-C209-4429-8773-0B6F81AB5C6E}.Release|x86.Build.0 = Release|Any CPU
		{A05AEA93-ECBD-4F74-AF9B-CD051078CAAF}.Debug|Any CPU.ActiveCfg = Debug|x64
		{A05AEA93-ECBD-4F74-AF9B-CD051078CAAF}.Debug|Any CPU.Build.0 = Debug|x64
		{A05AEA93-ECBD-4F74-AF9B-CD051078CAAF}.Debug|x64.ActiveCfg = Debug|x64
		{A05AEA93-ECBD-4F74-AF9B-CD051078CAAF}.Debug|x64.Build.0 = Debug|x64
		{A05AEA93-ECBD-4F74-AF9B-CD051078CAAF}.Debug|x86.ActiveCfg = Debug|Win32
		{A05AEA93-ECBD-4F74-AF9B-CD051078CAAF}.Debug|x86.Build.0 = Debug|Win32
		{A05AEA93-ECBD-4F74-AF9B-CD051078CAAF}.Release|Any CPU.ActiveCfg = Release|x64
		{A05AEA93-ECBD-4F74-AF9B-CD051078CAAF}.Release|Any CPU.Build.0 = Release|x64
		{A05AEA93-ECBD-4F74-AF9B-CD051078CAAF}.Release|x64.ActiveCfg = Release|x64
		{A05AEA93-ECBD-4F74-AF9B-CD051078CAAF}.Release|x64.Build.0 = Release|x64
		{A05AEA93-ECBD-4F74-AF9B-CD051078CAAF}.Release|x86.ActiveCfg = Release|Win32
		{A05AEA93-ECBD-4F74-AF9B-CD051078CAAF}.Release|x86.Build.0 = Release|Win32
	EndGlobalSection
	GlobalSection(SolutionProperties) = preSolution
		HideSolutionNode = FALSE
	EndGlobalSection
EndGlobal
